// !$*UTF8*$!
{
	archiveVersion = 1;
	classes = {
	};
	objectVersion = 46;
	objects = {

/* Begin PBXBuildFile section */
		2C40A311B815BC8A2C346143 /* Pods_Brews__An_IntroductionTests.framework in Frameworks */ = {isa = PBXBuildFile; fileRef = 3DF17D48C97AD76AF5578283 /* Pods_Brews__An_IntroductionTests.framework */; };
		92D2A9BD1F185B7A00AC55D5 /* GCDBlackBox.swift in Sources */ = {isa = PBXBuildFile; fileRef = 92D2A9BC1F185B7A00AC55D5 /* GCDBlackBox.swift */; };
		92D2A9C61F1AE86900AC55D5 /* LogInViewController.swift in Sources */ = {isa = PBXBuildFile; fileRef = 92D2A9C51F1AE86900AC55D5 /* LogInViewController.swift */; };
		92D2A9C81F1AE93A00AC55D5 /* Assets.xcassets in Resources */ = {isa = PBXBuildFile; fileRef = 92D2A9C71F1AE93A00AC55D5 /* Assets.xcassets */; };
		92D2A9CA1F1AE95100AC55D5 /* Main.storyboard in Resources */ = {isa = PBXBuildFile; fileRef = 92D2A9C91F1AE95100AC55D5 /* Main.storyboard */; };
		92D2A9D01F1AE96200AC55D5 /* TabBarViewController.swift in Sources */ = {isa = PBXBuildFile; fileRef = 92D2A9CB1F1AE96200AC55D5 /* TabBarViewController.swift */; };
		92D2A9D11F1AE96200AC55D5 /* SearchViewController.swift in Sources */ = {isa = PBXBuildFile; fileRef = 92D2A9CC1F1AE96200AC55D5 /* SearchViewController.swift */; };
		92D2A9D21F1AE96200AC55D5 /* FavoritesViewController.swift in Sources */ = {isa = PBXBuildFile; fileRef = 92D2A9CD1F1AE96200AC55D5 /* FavoritesViewController.swift */; };
		92D2A9D31F1AE96200AC55D5 /* RandomBeerViewController.swift in Sources */ = {isa = PBXBuildFile; fileRef = 92D2A9CE1F1AE96200AC55D5 /* RandomBeerViewController.swift */; };
		92D2A9D41F1AE96200AC55D5 /* SelectedBeerViewController.swift in Sources */ = {isa = PBXBuildFile; fileRef = 92D2A9CF1F1AE96200AC55D5 /* SelectedBeerViewController.swift */; };
		92D2A9D81F1AE99E00AC55D5 /* BreweryDBClient.swift in Sources */ = {isa = PBXBuildFile; fileRef = 92D2A9D71F1AE99E00AC55D5 /* BreweryDBClient.swift */; };
		92D2AA181F1C11D900AC55D5 /* GoogleService-Info.plist in Resources */ = {isa = PBXBuildFile; fileRef = 92D2AA171F1C11D900AC55D5 /* GoogleService-Info.plist */; };
		92D2AA1A1F1D9B2300AC55D5 /* Constants.swift in Sources */ = {isa = PBXBuildFile; fileRef = 92D2AA191F1D9B2300AC55D5 /* Constants.swift */; };
		92FDF8AD1EF9D7B700DE2574 /* AppDelegate.swift in Sources */ = {isa = PBXBuildFile; fileRef = 92FDF8AC1EF9D7B700DE2574 /* AppDelegate.swift */; };
		92FDF8B71EF9D7B700DE2574 /* LaunchScreen.storyboard in Resources */ = {isa = PBXBuildFile; fileRef = 92FDF8B51EF9D7B700DE2574 /* LaunchScreen.storyboard */; };
		92FDF8C21EF9D7B700DE2574 /* Brews__An_IntroductionTests.swift in Sources */ = {isa = PBXBuildFile; fileRef = 92FDF8C11EF9D7B700DE2574 /* Brews__An_IntroductionTests.swift */; };
		92FDF8CD1EF9D7B700DE2574 /* Brews__An_IntroductionUITests.swift in Sources */ = {isa = PBXBuildFile; fileRef = 92FDF8CC1EF9D7B700DE2574 /* Brews__An_IntroductionUITests.swift */; };
		B981CE54E80FBF5C48A641CA /* Pods_Brews__An_IntroductionUITests.framework in Frameworks */ = {isa = PBXBuildFile; fileRef = 106CD2457DC599FD36C19B37 /* Pods_Brews__An_IntroductionUITests.framework */; };
		FE91E682F20A2314A255A0FB /* Pods_Brews__An_Introduction.framework in Frameworks */ = {isa = PBXBuildFile; fileRef = 41FB671464BEBCA8D653D52B /* Pods_Brews__An_Introduction.framework */; };
/* End PBXBuildFile section */

/* Begin PBXContainerItemProxy section */
		92FDF8BE1EF9D7B700DE2574 /* PBXContainerItemProxy */ = {
			isa = PBXContainerItemProxy;
			containerPortal = 92FDF8A11EF9D7B700DE2574 /* Project object */;
			proxyType = 1;
			remoteGlobalIDString = 92FDF8A81EF9D7B700DE2574;
			remoteInfo = "Brews: An Introduction";
		};
		92FDF8C91EF9D7B700DE2574 /* PBXContainerItemProxy */ = {
			isa = PBXContainerItemProxy;
			containerPortal = 92FDF8A11EF9D7B700DE2574 /* Project object */;
			proxyType = 1;
			remoteGlobalIDString = 92FDF8A81EF9D7B700DE2574;
			remoteInfo = "Brews: An Introduction";
		};
/* End PBXContainerItemProxy section */

/* Begin PBXFileReference section */
		106CD2457DC599FD36C19B37 /* Pods_Brews__An_IntroductionUITests.framework */ = {isa = PBXFileReference; explicitFileType = wrapper.framework; includeInIndex = 0; path = Pods_Brews__An_IntroductionUITests.framework; sourceTree = BUILT_PRODUCTS_DIR; };
		165A7AA02F84873EC8437D0A /* Pods-Brews: An IntroductionTests.debug.xcconfig */ = {isa = PBXFileReference; includeInIndex = 1; lastKnownFileType = text.xcconfig; name = "Pods-Brews: An IntroductionTests.debug.xcconfig"; path = "Pods/Target Support Files/Pods-Brews: An IntroductionTests/Pods-Brews: An IntroductionTests.debug.xcconfig"; sourceTree = "<group>"; };
		3DF17D48C97AD76AF5578283 /* Pods_Brews__An_IntroductionTests.framework */ = {isa = PBXFileReference; explicitFileType = wrapper.framework; includeInIndex = 0; path = Pods_Brews__An_IntroductionTests.framework; sourceTree = BUILT_PRODUCTS_DIR; };
		41FB671464BEBCA8D653D52B /* Pods_Brews__An_Introduction.framework */ = {isa = PBXFileReference; explicitFileType = wrapper.framework; includeInIndex = 0; path = Pods_Brews__An_Introduction.framework; sourceTree = BUILT_PRODUCTS_DIR; };
		64DCEBAC252B9737043B5040 /* Pods-Brews: An IntroductionUITests.debug.xcconfig */ = {isa = PBXFileReference; includeInIndex = 1; lastKnownFileType = text.xcconfig; name = "Pods-Brews: An IntroductionUITests.debug.xcconfig"; path = "Pods/Target Support Files/Pods-Brews: An IntroductionUITests/Pods-Brews: An IntroductionUITests.debug.xcconfig"; sourceTree = "<group>"; };
		92D2A9BC1F185B7A00AC55D5 /* GCDBlackBox.swift */ = {isa = PBXFileReference; fileEncoding = 4; lastKnownFileType = sourcecode.swift; name = GCDBlackBox.swift; path = ../Brews/Brews/GCDBlackBox.swift; sourceTree = "<group>"; };
		92D2A9BE1F19794E00AC55D5 /* Brews: An Introduction.entitlements */ = {isa = PBXFileReference; lastKnownFileType = text.plist.entitlements; path = "Brews: An Introduction.entitlements"; sourceTree = "<group>"; };
		92D2A9C51F1AE86900AC55D5 /* LogInViewController.swift */ = {isa = PBXFileReference; fileEncoding = 4; lastKnownFileType = sourcecode.swift; path = LogInViewController.swift; sourceTree = "<group>"; };
		92D2A9C71F1AE93A00AC55D5 /* Assets.xcassets */ = {isa = PBXFileReference; lastKnownFileType = folder.assetcatalog; path = Assets.xcassets; sourceTree = "<group>"; };
		92D2A9C91F1AE95100AC55D5 /* Main.storyboard */ = {isa = PBXFileReference; fileEncoding = 4; lastKnownFileType = file.storyboard; path = Main.storyboard; sourceTree = "<group>"; };
		92D2A9CB1F1AE96200AC55D5 /* TabBarViewController.swift */ = {isa = PBXFileReference; fileEncoding = 4; lastKnownFileType = sourcecode.swift; path = TabBarViewController.swift; sourceTree = "<group>"; };
		92D2A9CC1F1AE96200AC55D5 /* SearchViewController.swift */ = {isa = PBXFileReference; fileEncoding = 4; lastKnownFileType = sourcecode.swift; path = SearchViewController.swift; sourceTree = "<group>"; };
		92D2A9CD1F1AE96200AC55D5 /* FavoritesViewController.swift */ = {isa = PBXFileReference; fileEncoding = 4; lastKnownFileType = sourcecode.swift; path = FavoritesViewController.swift; sourceTree = "<group>"; };
		92D2A9CE1F1AE96200AC55D5 /* RandomBeerViewController.swift */ = {isa = PBXFileReference; fileEncoding = 4; lastKnownFileType = sourcecode.swift; path = RandomBeerViewController.swift; sourceTree = "<group>"; };
		92D2A9CF1F1AE96200AC55D5 /* SelectedBeerViewController.swift */ = {isa = PBXFileReference; fileEncoding = 4; lastKnownFileType = sourcecode.swift; path = SelectedBeerViewController.swift; sourceTree = "<group>"; };
		92D2A9D71F1AE99E00AC55D5 /* BreweryDBClient.swift */ = {isa = PBXFileReference; fileEncoding = 4; lastKnownFileType = sourcecode.swift; path = BreweryDBClient.swift; sourceTree = "<group>"; };
		92D2AA171F1C11D900AC55D5 /* GoogleService-Info.plist */ = {isa = PBXFileReference; fileEncoding = 4; lastKnownFileType = text.plist.xml; path = "GoogleService-Info.plist"; sourceTree = "<group>"; };
		92D2AA191F1D9B2300AC55D5 /* Constants.swift */ = {isa = PBXFileReference; fileEncoding = 4; lastKnownFileType = sourcecode.swift; path = Constants.swift; sourceTree = "<group>"; };
		92FDF8A91EF9D7B700DE2574 /* Brews: An Introduction.app */ = {isa = PBXFileReference; explicitFileType = wrapper.application; includeInIndex = 0; path = "Brews: An Introduction.app"; sourceTree = BUILT_PRODUCTS_DIR; };
		92FDF8AC1EF9D7B700DE2574 /* AppDelegate.swift */ = {isa = PBXFileReference; lastKnownFileType = sourcecode.swift; name = AppDelegate.swift; path = "Brews: An Introduction/AppDelegate.swift"; sourceTree = "<group>"; };
		92FDF8B61EF9D7B700DE2574 /* Base */ = {isa = PBXFileReference; lastKnownFileType = file.storyboard; name = Base; path = Base.lproj/LaunchScreen.storyboard; sourceTree = "<group>"; };
		92FDF8B81EF9D7B700DE2574 /* Info.plist */ = {isa = PBXFileReference; lastKnownFileType = text.plist.xml; path = Info.plist; sourceTree = "<group>"; };
		92FDF8BD1EF9D7B700DE2574 /* Brews: An IntroductionTests.xctest */ = {isa = PBXFileReference; explicitFileType = wrapper.cfbundle; includeInIndex = 0; path = "Brews: An IntroductionTests.xctest"; sourceTree = BUILT_PRODUCTS_DIR; };
		92FDF8C11EF9D7B700DE2574 /* Brews__An_IntroductionTests.swift */ = {isa = PBXFileReference; lastKnownFileType = sourcecode.swift; path = Brews__An_IntroductionTests.swift; sourceTree = "<group>"; };
		92FDF8C31EF9D7B700DE2574 /* Info.plist */ = {isa = PBXFileReference; lastKnownFileType = text.plist.xml; path = Info.plist; sourceTree = "<group>"; };
		92FDF8C81EF9D7B700DE2574 /* Brews: An IntroductionUITests.xctest */ = {isa = PBXFileReference; explicitFileType = wrapper.cfbundle; includeInIndex = 0; path = "Brews: An IntroductionUITests.xctest"; sourceTree = BUILT_PRODUCTS_DIR; };
		92FDF8CC1EF9D7B700DE2574 /* Brews__An_IntroductionUITests.swift */ = {isa = PBXFileReference; lastKnownFileType = sourcecode.swift; path = Brews__An_IntroductionUITests.swift; sourceTree = "<group>"; };
		92FDF8CE1EF9D7B700DE2574 /* Info.plist */ = {isa = PBXFileReference; lastKnownFileType = text.plist.xml; path = Info.plist; sourceTree = "<group>"; };
		9E872E0112FBC4D5B2334E09 /* Pods-Brews: An IntroductionUITests.release.xcconfig */ = {isa = PBXFileReference; includeInIndex = 1; lastKnownFileType = text.xcconfig; name = "Pods-Brews: An IntroductionUITests.release.xcconfig"; path = "Pods/Target Support Files/Pods-Brews: An IntroductionUITests/Pods-Brews: An IntroductionUITests.release.xcconfig"; sourceTree = "<group>"; };
		C02C6D757854BBF17B1B8367 /* Pods-Brews: An IntroductionTests.release.xcconfig */ = {isa = PBXFileReference; includeInIndex = 1; lastKnownFileType = text.xcconfig; name = "Pods-Brews: An IntroductionTests.release.xcconfig"; path = "Pods/Target Support Files/Pods-Brews: An IntroductionTests/Pods-Brews: An IntroductionTests.release.xcconfig"; sourceTree = "<group>"; };
		C23B3C87510FDB99CF21C08E /* Pods-Brews: An Introduction.release.xcconfig */ = {isa = PBXFileReference; includeInIndex = 1; lastKnownFileType = text.xcconfig; name = "Pods-Brews: An Introduction.release.xcconfig"; path = "Pods/Target Support Files/Pods-Brews: An Introduction/Pods-Brews: An Introduction.release.xcconfig"; sourceTree = "<group>"; };
		DBBEDA4E161EF2C72CCD0C52 /* Pods-Brews: An Introduction.debug.xcconfig */ = {isa = PBXFileReference; includeInIndex = 1; lastKnownFileType = text.xcconfig; name = "Pods-Brews: An Introduction.debug.xcconfig"; path = "Pods/Target Support Files/Pods-Brews: An Introduction/Pods-Brews: An Introduction.debug.xcconfig"; sourceTree = "<group>"; };
/* End PBXFileReference section */

/* Begin PBXFrameworksBuildPhase section */
		92FDF8A61EF9D7B700DE2574 /* Frameworks */ = {
			isa = PBXFrameworksBuildPhase;
			buildActionMask = 2147483647;
			files = (
				FE91E682F20A2314A255A0FB /* Pods_Brews__An_Introduction.framework in Frameworks */,
			);
			runOnlyForDeploymentPostprocessing = 0;
		};
		92FDF8BA1EF9D7B700DE2574 /* Frameworks */ = {
			isa = PBXFrameworksBuildPhase;
			buildActionMask = 2147483647;
			files = (
				2C40A311B815BC8A2C346143 /* Pods_Brews__An_IntroductionTests.framework in Frameworks */,
			);
			runOnlyForDeploymentPostprocessing = 0;
		};
		92FDF8C51EF9D7B700DE2574 /* Frameworks */ = {
			isa = PBXFrameworksBuildPhase;
			buildActionMask = 2147483647;
			files = (
				B981CE54E80FBF5C48A641CA /* Pods_Brews__An_IntroductionUITests.framework in Frameworks */,
			);
			runOnlyForDeploymentPostprocessing = 0;
		};
/* End PBXFrameworksBuildPhase section */

/* Begin PBXGroup section */
		27945C17EB4B01E3C84818BE /* Pods */ = {
			isa = PBXGroup;
			children = (
				DBBEDA4E161EF2C72CCD0C52 /* Pods-Brews: An Introduction.debug.xcconfig */,
				C23B3C87510FDB99CF21C08E /* Pods-Brews: An Introduction.release.xcconfig */,
				165A7AA02F84873EC8437D0A /* Pods-Brews: An IntroductionTests.debug.xcconfig */,
				C02C6D757854BBF17B1B8367 /* Pods-Brews: An IntroductionTests.release.xcconfig */,
				64DCEBAC252B9737043B5040 /* Pods-Brews: An IntroductionUITests.debug.xcconfig */,
				9E872E0112FBC4D5B2334E09 /* Pods-Brews: An IntroductionUITests.release.xcconfig */,
			);
			name = Pods;
			sourceTree = "<group>";
		};
		5FD5CDE458EB3725ACF07EC2 /* Frameworks */ = {
			isa = PBXGroup;
			children = (
				41FB671464BEBCA8D653D52B /* Pods_Brews__An_Introduction.framework */,
				3DF17D48C97AD76AF5578283 /* Pods_Brews__An_IntroductionTests.framework */,
				106CD2457DC599FD36C19B37 /* Pods_Brews__An_IntroductionUITests.framework */,
			);
			name = Frameworks;
			sourceTree = "<group>";
		};
		92D2A9C31F1AE7E000AC55D5 /* ViewControllers */ = {
			isa = PBXGroup;
			children = (
				92D2A9C51F1AE86900AC55D5 /* LogInViewController.swift */,
				92D2A9CB1F1AE96200AC55D5 /* TabBarViewController.swift */,
				92D2A9CC1F1AE96200AC55D5 /* SearchViewController.swift */,
				92D2A9CD1F1AE96200AC55D5 /* FavoritesViewController.swift */,
				92D2A9CE1F1AE96200AC55D5 /* RandomBeerViewController.swift */,
				92D2A9CF1F1AE96200AC55D5 /* SelectedBeerViewController.swift */,
			);
			name = ViewControllers;
			sourceTree = "<group>";
		};
		92D2A9C41F1AE7EB00AC55D5 /* HelperFiles */ = {
			isa = PBXGroup;
			children = (
				92D2A9BE1F19794E00AC55D5 /* Brews: An Introduction.entitlements */,
				92D2A9C91F1AE95100AC55D5 /* Main.storyboard */,
				92FDF8B51EF9D7B700DE2574 /* LaunchScreen.storyboard */,
				92D2A9C71F1AE93A00AC55D5 /* Assets.xcassets */,
				92FDF8B81EF9D7B700DE2574 /* Info.plist */,
				92D2AA171F1C11D900AC55D5 /* GoogleService-Info.plist */,
			);
			name = HelperFiles;
			sourceTree = "<group>";
		};
		92FDF8A01EF9D7B700DE2574 = {
			isa = PBXGroup;
			children = (
				92FDF8AC1EF9D7B700DE2574 /* AppDelegate.swift */,
				92D2AA191F1D9B2300AC55D5 /* Constants.swift */,
				92D2A9BC1F185B7A00AC55D5 /* GCDBlackBox.swift */,
				92FDF8AB1EF9D7B700DE2574 /* Brews: An Introduction */,
				92FDF8C01EF9D7B700DE2574 /* Brews: An IntroductionTests */,
				92FDF8CB1EF9D7B700DE2574 /* Brews: An IntroductionUITests */,
				92FDF8AA1EF9D7B700DE2574 /* Products */,
				27945C17EB4B01E3C84818BE /* Pods */,
				5FD5CDE458EB3725ACF07EC2 /* Frameworks */,
			);
			sourceTree = "<group>";
		};
		92FDF8AA1EF9D7B700DE2574 /* Products */ = {
			isa = PBXGroup;
			children = (
				92FDF8A91EF9D7B700DE2574 /* Brews: An Introduction.app */,
				92FDF8BD1EF9D7B700DE2574 /* Brews: An IntroductionTests.xctest */,
				92FDF8C81EF9D7B700DE2574 /* Brews: An IntroductionUITests.xctest */,
			);
			name = Products;
			sourceTree = "<group>";
		};
		92FDF8AB1EF9D7B700DE2574 /* Brews: An Introduction */ = {
			isa = PBXGroup;
			children = (
				92D2A9D71F1AE99E00AC55D5 /* BreweryDBClient.swift */,
				92D2A9C41F1AE7EB00AC55D5 /* HelperFiles */,
				92D2A9C31F1AE7E000AC55D5 /* ViewControllers */,
			);
			path = "Brews: An Introduction";
			sourceTree = "<group>";
		};
		92FDF8C01EF9D7B700DE2574 /* Brews: An IntroductionTests */ = {
			isa = PBXGroup;
			children = (
				92FDF8C11EF9D7B700DE2574 /* Brews__An_IntroductionTests.swift */,
				92FDF8C31EF9D7B700DE2574 /* Info.plist */,
			);
			path = "Brews: An IntroductionTests";
			sourceTree = "<group>";
		};
		92FDF8CB1EF9D7B700DE2574 /* Brews: An IntroductionUITests */ = {
			isa = PBXGroup;
			children = (
				92FDF8CC1EF9D7B700DE2574 /* Brews__An_IntroductionUITests.swift */,
				92FDF8CE1EF9D7B700DE2574 /* Info.plist */,
			);
			path = "Brews: An IntroductionUITests";
			sourceTree = "<group>";
		};
/* End PBXGroup section */

/* Begin PBXNativeTarget section */
		92FDF8A81EF9D7B700DE2574 /* Brews: An Introduction */ = {
			isa = PBXNativeTarget;
			buildConfigurationList = 92FDF8D11EF9D7B700DE2574 /* Build configuration list for PBXNativeTarget "Brews: An Introduction" */;
			buildPhases = (
				6F9E7A30190149671A729B93 /* [CP] Check Pods Manifest.lock */,
				92FDF8A51EF9D7B700DE2574 /* Sources */,
				92FDF8A61EF9D7B700DE2574 /* Frameworks */,
				92FDF8A71EF9D7B700DE2574 /* Resources */,
				14BC591C059DA9062A8566FE /* [CP] Embed Pods Frameworks */,
				B7EBD09DBA65B2F9F6FBA186 /* [CP] Copy Pods Resources */,
			);
			buildRules = (
			);
			dependencies = (
			);
			name = "Brews: An Introduction";
			productName = "Brews: An Introduction";
			productReference = 92FDF8A91EF9D7B700DE2574 /* Brews: An Introduction.app */;
			productType = "com.apple.product-type.application";
		};
		92FDF8BC1EF9D7B700DE2574 /* Brews: An IntroductionTests */ = {
			isa = PBXNativeTarget;
			buildConfigurationList = 92FDF8D41EF9D7B700DE2574 /* Build configuration list for PBXNativeTarget "Brews: An IntroductionTests" */;
			buildPhases = (
				6F445AE4B215AF6B3FE077EC /* [CP] Check Pods Manifest.lock */,
				92FDF8B91EF9D7B700DE2574 /* Sources */,
				92FDF8BA1EF9D7B700DE2574 /* Frameworks */,
				92FDF8BB1EF9D7B700DE2574 /* Resources */,
				8E9E2A6F4B6202A76205CB0E /* [CP] Embed Pods Frameworks */,
				322650F2B7C869A923CF88DD /* [CP] Copy Pods Resources */,
			);
			buildRules = (
			);
			dependencies = (
				92FDF8BF1EF9D7B700DE2574 /* PBXTargetDependency */,
			);
			name = "Brews: An IntroductionTests";
			productName = "Brews: An IntroductionTests";
			productReference = 92FDF8BD1EF9D7B700DE2574 /* Brews: An IntroductionTests.xctest */;
			productType = "com.apple.product-type.bundle.unit-test";
		};
		92FDF8C71EF9D7B700DE2574 /* Brews: An IntroductionUITests */ = {
			isa = PBXNativeTarget;
			buildConfigurationList = 92FDF8D71EF9D7B700DE2574 /* Build configuration list for PBXNativeTarget "Brews: An IntroductionUITests" */;
			buildPhases = (
				7A9C58ED4F4E08A36DC19D14 /* [CP] Check Pods Manifest.lock */,
				92FDF8C41EF9D7B700DE2574 /* Sources */,
				92FDF8C51EF9D7B700DE2574 /* Frameworks */,
				92FDF8C61EF9D7B700DE2574 /* Resources */,
				8E0FE2CBFA3B282D3E50AF5C /* [CP] Embed Pods Frameworks */,
				8DDA820C707CEE5B5AB24E5F /* [CP] Copy Pods Resources */,
			);
			buildRules = (
			);
			dependencies = (
				92FDF8CA1EF9D7B700DE2574 /* PBXTargetDependency */,
			);
			name = "Brews: An IntroductionUITests";
			productName = "Brews: An IntroductionUITests";
			productReference = 92FDF8C81EF9D7B700DE2574 /* Brews: An IntroductionUITests.xctest */;
			productType = "com.apple.product-type.bundle.ui-testing";
		};
/* End PBXNativeTarget section */

/* Begin PBXProject section */
		92FDF8A11EF9D7B700DE2574 /* Project object */ = {
			isa = PBXProject;
			attributes = {
				LastSwiftUpdateCheck = 0830;
				LastUpgradeCheck = 0830;
				ORGANIZATIONNAME = "Michael Doroff";
				TargetAttributes = {
					92FDF8A81EF9D7B700DE2574 = {
						CreatedOnToolsVersion = 8.3.2;
						DevelopmentTeam = 2E3GYECC25;
						ProvisioningStyle = Automatic;
						SystemCapabilities = {
							com.apple.Keychain = {
								enabled = 1;
							};
						};
					};
					92FDF8BC1EF9D7B700DE2574 = {
						CreatedOnToolsVersion = 8.3.2;
						DevelopmentTeam = C7H5VU6UVJ;
						ProvisioningStyle = Automatic;
						TestTargetID = 92FDF8A81EF9D7B700DE2574;
					};
					92FDF8C71EF9D7B700DE2574 = {
						CreatedOnToolsVersion = 8.3.2;
						DevelopmentTeam = C7H5VU6UVJ;
						ProvisioningStyle = Automatic;
						TestTargetID = 92FDF8A81EF9D7B700DE2574;
					};
				};
			};
			buildConfigurationList = 92FDF8A41EF9D7B700DE2574 /* Build configuration list for PBXProject "Brews: An Introduction" */;
			compatibilityVersion = "Xcode 3.2";
			developmentRegion = English;
			hasScannedForEncodings = 0;
			knownRegions = (
				en,
				Base,
			);
			mainGroup = 92FDF8A01EF9D7B700DE2574;
			productRefGroup = 92FDF8AA1EF9D7B700DE2574 /* Products */;
			projectDirPath = "";
			projectRoot = "";
			targets = (
				92FDF8A81EF9D7B700DE2574 /* Brews: An Introduction */,
				92FDF8BC1EF9D7B700DE2574 /* Brews: An IntroductionTests */,
				92FDF8C71EF9D7B700DE2574 /* Brews: An IntroductionUITests */,
			);
		};
/* End PBXProject section */

/* Begin PBXResourcesBuildPhase section */
		92FDF8A71EF9D7B700DE2574 /* Resources */ = {
			isa = PBXResourcesBuildPhase;
			buildActionMask = 2147483647;
			files = (
				92FDF8B71EF9D7B700DE2574 /* LaunchScreen.storyboard in Resources */,
				92D2AA181F1C11D900AC55D5 /* GoogleService-Info.plist in Resources */,
				92D2A9C81F1AE93A00AC55D5 /* Assets.xcassets in Resources */,
				92D2A9CA1F1AE95100AC55D5 /* Main.storyboard in Resources */,
			);
			runOnlyForDeploymentPostprocessing = 0;
		};
		92FDF8BB1EF9D7B700DE2574 /* Resources */ = {
			isa = PBXResourcesBuildPhase;
			buildActionMask = 2147483647;
			files = (
			);
			runOnlyForDeploymentPostprocessing = 0;
		};
		92FDF8C61EF9D7B700DE2574 /* Resources */ = {
			isa = PBXResourcesBuildPhase;
			buildActionMask = 2147483647;
			files = (
			);
			runOnlyForDeploymentPostprocessing = 0;
		};
/* End PBXResourcesBuildPhase section */

/* Begin PBXShellScriptBuildPhase section */
		14BC591C059DA9062A8566FE /* [CP] Embed Pods Frameworks */ = {
			isa = PBXShellScriptBuildPhase;
			buildActionMask = 2147483647;
			files = (
			);
			inputPaths = (
			);
			name = "[CP] Embed Pods Frameworks";
			outputPaths = (
			);
			runOnlyForDeploymentPostprocessing = 0;
			shellPath = /bin/sh;
			shellScript = "\"${SRCROOT}/Pods/Target Support Files/Pods-Brews: An Introduction/Pods-Brews: An Introduction-frameworks.sh\"\n";
			showEnvVarsInLog = 0;
		};
		322650F2B7C869A923CF88DD /* [CP] Copy Pods Resources */ = {
			isa = PBXShellScriptBuildPhase;
			buildActionMask = 2147483647;
			files = (
			);
			inputPaths = (
			);
			name = "[CP] Copy Pods Resources";
			outputPaths = (
			);
			runOnlyForDeploymentPostprocessing = 0;
			shellPath = /bin/sh;
			shellScript = "\"${SRCROOT}/Pods/Target Support Files/Pods-Brews: An IntroductionTests/Pods-Brews: An IntroductionTests-resources.sh\"\n";
			showEnvVarsInLog = 0;
		};
		6F445AE4B215AF6B3FE077EC /* [CP] Check Pods Manifest.lock */ = {
			isa = PBXShellScriptBuildPhase;
			buildActionMask = 2147483647;
			files = (
			);
			inputPaths = (
			);
			name = "[CP] Check Pods Manifest.lock";
			outputPaths = (
			);
			runOnlyForDeploymentPostprocessing = 0;
			shellPath = /bin/sh;
			shellScript = "diff \"${PODS_PODFILE_DIR_PATH}/Podfile.lock\" \"${PODS_ROOT}/Manifest.lock\" > /dev/null\nif [ $? != 0 ] ; then\n    # print error to STDERR\n    echo \"error: The sandbox is not in sync with the Podfile.lock. Run 'pod install' or update your CocoaPods installation.\" >&2\n    exit 1\nfi\n";
			showEnvVarsInLog = 0;
		};
		6F9E7A30190149671A729B93 /* [CP] Check Pods Manifest.lock */ = {
			isa = PBXShellScriptBuildPhase;
			buildActionMask = 2147483647;
			files = (
			);
			inputPaths = (
			);
			name = "[CP] Check Pods Manifest.lock";
			outputPaths = (
			);
			runOnlyForDeploymentPostprocessing = 0;
			shellPath = /bin/sh;
			shellScript = "diff \"${PODS_PODFILE_DIR_PATH}/Podfile.lock\" \"${PODS_ROOT}/Manifest.lock\" > /dev/null\nif [ $? != 0 ] ; then\n    # print error to STDERR\n    echo \"error: The sandbox is not in sync with the Podfile.lock. Run 'pod install' or update your CocoaPods installation.\" >&2\n    exit 1\nfi\n";
			showEnvVarsInLog = 0;
		};
		7A9C58ED4F4E08A36DC19D14 /* [CP] Check Pods Manifest.lock */ = {
			isa = PBXShellScriptBuildPhase;
			buildActionMask = 2147483647;
			files = (
			);
			inputPaths = (
			);
			name = "[CP] Check Pods Manifest.lock";
			outputPaths = (
			);
			runOnlyForDeploymentPostprocessing = 0;
			shellPath = /bin/sh;
			shellScript = "diff \"${PODS_PODFILE_DIR_PATH}/Podfile.lock\" \"${PODS_ROOT}/Manifest.lock\" > /dev/null\nif [ $? != 0 ] ; then\n    # print error to STDERR\n    echo \"error: The sandbox is not in sync with the Podfile.lock. Run 'pod install' or update your CocoaPods installation.\" >&2\n    exit 1\nfi\n";
			showEnvVarsInLog = 0;
		};
		8DDA820C707CEE5B5AB24E5F /* [CP] Copy Pods Resources */ = {
			isa = PBXShellScriptBuildPhase;
			buildActionMask = 2147483647;
			files = (
			);
			inputPaths = (
			);
			name = "[CP] Copy Pods Resources";
			outputPaths = (
			);
			runOnlyForDeploymentPostprocessing = 0;
			shellPath = /bin/sh;
			shellScript = "\"${SRCROOT}/Pods/Target Support Files/Pods-Brews: An IntroductionUITests/Pods-Brews: An IntroductionUITests-resources.sh\"\n";
			showEnvVarsInLog = 0;
		};
		8E0FE2CBFA3B282D3E50AF5C /* [CP] Embed Pods Frameworks */ = {
			isa = PBXShellScriptBuildPhase;
			buildActionMask = 2147483647;
			files = (
			);
			inputPaths = (
			);
			name = "[CP] Embed Pods Frameworks";
			outputPaths = (
			);
			runOnlyForDeploymentPostprocessing = 0;
			shellPath = /bin/sh;
			shellScript = "\"${SRCROOT}/Pods/Target Support Files/Pods-Brews: An IntroductionUITests/Pods-Brews: An IntroductionUITests-frameworks.sh\"\n";
			showEnvVarsInLog = 0;
		};
		8E9E2A6F4B6202A76205CB0E /* [CP] Embed Pods Frameworks */ = {
			isa = PBXShellScriptBuildPhase;
			buildActionMask = 2147483647;
			files = (
			);
			inputPaths = (
			);
			name = "[CP] Embed Pods Frameworks";
			outputPaths = (
			);
			runOnlyForDeploymentPostprocessing = 0;
			shellPath = /bin/sh;
			shellScript = "\"${SRCROOT}/Pods/Target Support Files/Pods-Brews: An IntroductionTests/Pods-Brews: An IntroductionTests-frameworks.sh\"\n";
			showEnvVarsInLog = 0;
		};
		B7EBD09DBA65B2F9F6FBA186 /* [CP] Copy Pods Resources */ = {
			isa = PBXShellScriptBuildPhase;
			buildActionMask = 2147483647;
			files = (
			);
			inputPaths = (
			);
			name = "[CP] Copy Pods Resources";
			outputPaths = (
			);
			runOnlyForDeploymentPostprocessing = 0;
			shellPath = /bin/sh;
			shellScript = "\"${SRCROOT}/Pods/Target Support Files/Pods-Brews: An Introduction/Pods-Brews: An Introduction-resources.sh\"\n";
			showEnvVarsInLog = 0;
		};
/* End PBXShellScriptBuildPhase section */

/* Begin PBXSourcesBuildPhase section */
		92FDF8A51EF9D7B700DE2574 /* Sources */ = {
			isa = PBXSourcesBuildPhase;
			buildActionMask = 2147483647;
			files = (
				92D2A9D11F1AE96200AC55D5 /* SearchViewController.swift in Sources */,
				92D2A9D81F1AE99E00AC55D5 /* BreweryDBClient.swift in Sources */,
				92D2A9D31F1AE96200AC55D5 /* RandomBeerViewController.swift in Sources */,
				92D2A9D41F1AE96200AC55D5 /* SelectedBeerViewController.swift in Sources */,
				92D2A9D01F1AE96200AC55D5 /* TabBarViewController.swift in Sources */,
				92D2AA1A1F1D9B2300AC55D5 /* Constants.swift in Sources */,
				92D2A9C61F1AE86900AC55D5 /* LogInViewController.swift in Sources */,
				92D2A9BD1F185B7A00AC55D5 /* GCDBlackBox.swift in Sources */,
				92D2A9D21F1AE96200AC55D5 /* FavoritesViewController.swift in Sources */,
				92FDF8AD1EF9D7B700DE2574 /* AppDelegate.swift in Sources */,
			);
			runOnlyForDeploymentPostprocessing = 0;
		};
		92FDF8B91EF9D7B700DE2574 /* Sources */ = {
			isa = PBXSourcesBuildPhase;
			buildActionMask = 2147483647;
			files = (
				92FDF8C21EF9D7B700DE2574 /* Brews__An_IntroductionTests.swift in Sources */,
			);
			runOnlyForDeploymentPostprocessing = 0;
		};
		92FDF8C41EF9D7B700DE2574 /* Sources */ = {
			isa = PBXSourcesBuildPhase;
			buildActionMask = 2147483647;
			files = (
				92FDF8CD1EF9D7B700DE2574 /* Brews__An_IntroductionUITests.swift in Sources */,
			);
			runOnlyForDeploymentPostprocessing = 0;
		};
/* End PBXSourcesBuildPhase section */

/* Begin PBXTargetDependency section */
		92FDF8BF1EF9D7B700DE2574 /* PBXTargetDependency */ = {
			isa = PBXTargetDependency;
			target = 92FDF8A81EF9D7B700DE2574 /* Brews: An Introduction */;
			targetProxy = 92FDF8BE1EF9D7B700DE2574 /* PBXContainerItemProxy */;
		};
		92FDF8CA1EF9D7B700DE2574 /* PBXTargetDependency */ = {
			isa = PBXTargetDependency;
			target = 92FDF8A81EF9D7B700DE2574 /* Brews: An Introduction */;
			targetProxy = 92FDF8C91EF9D7B700DE2574 /* PBXContainerItemProxy */;
		};
/* End PBXTargetDependency section */

/* Begin PBXVariantGroup section */
		92FDF8B51EF9D7B700DE2574 /* LaunchScreen.storyboard */ = {
			isa = PBXVariantGroup;
			children = (
				92FDF8B61EF9D7B700DE2574 /* Base */,
			);
			name = LaunchScreen.storyboard;
			sourceTree = "<group>";
		};
/* End PBXVariantGroup section */

/* Begin XCBuildConfiguration section */
		92FDF8CF1EF9D7B700DE2574 /* Debug */ = {
			isa = XCBuildConfiguration;
			buildSettings = {
				ALWAYS_SEARCH_USER_PATHS = NO;
				CLANG_ANALYZER_NONNULL = YES;
				CLANG_ANALYZER_NUMBER_OBJECT_CONVERSION = YES_AGGRESSIVE;
				CLANG_CXX_LANGUAGE_STANDARD = "gnu++0x";
				CLANG_CXX_LIBRARY = "libc++";
				CLANG_ENABLE_MODULES = YES;
				CLANG_ENABLE_OBJC_ARC = YES;
				CLANG_WARN_BOOL_CONVERSION = YES;
				CLANG_WARN_CONSTANT_CONVERSION = YES;
				CLANG_WARN_DIRECT_OBJC_ISA_USAGE = YES_ERROR;
				CLANG_WARN_DOCUMENTATION_COMMENTS = YES;
				CLANG_WARN_EMPTY_BODY = YES;
				CLANG_WARN_ENUM_CONVERSION = YES;
				CLANG_WARN_INFINITE_RECURSION = YES;
				CLANG_WARN_INT_CONVERSION = YES;
				CLANG_WARN_OBJC_ROOT_CLASS = YES_ERROR;
				CLANG_WARN_SUSPICIOUS_MOVE = YES;
				CLANG_WARN_UNREACHABLE_CODE = YES;
				CLANG_WARN__DUPLICATE_METHOD_MATCH = YES;
				"CODE_SIGN_IDENTITY[sdk=iphoneos*]" = "iPhone Developer";
				COPY_PHASE_STRIP = NO;
				DEBUG_INFORMATION_FORMAT = dwarf;
				ENABLE_STRICT_OBJC_MSGSEND = YES;
				ENABLE_TESTABILITY = YES;
				GCC_C_LANGUAGE_STANDARD = gnu99;
				GCC_DYNAMIC_NO_PIC = NO;
				GCC_NO_COMMON_BLOCKS = YES;
				GCC_OPTIMIZATION_LEVEL = 0;
				GCC_PREPROCESSOR_DEFINITIONS = (
					"DEBUG=1",
					"$(inherited)",
				);
				GCC_WARN_64_TO_32_BIT_CONVERSION = YES;
				GCC_WARN_ABOUT_RETURN_TYPE = YES_ERROR;
				GCC_WARN_UNDECLARED_SELECTOR = YES;
				GCC_WARN_UNINITIALIZED_AUTOS = YES_AGGRESSIVE;
				GCC_WARN_UNUSED_FUNCTION = YES;
				GCC_WARN_UNUSED_VARIABLE = YES;
				IPHONEOS_DEPLOYMENT_TARGET = 10.3;
				MTL_ENABLE_DEBUG_INFO = YES;
				ONLY_ACTIVE_ARCH = YES;
				SDKROOT = iphoneos;
				SWIFT_ACTIVE_COMPILATION_CONDITIONS = DEBUG;
				SWIFT_OPTIMIZATION_LEVEL = "-Onone";
			};
			name = Debug;
		};
		92FDF8D01EF9D7B700DE2574 /* Release */ = {
			isa = XCBuildConfiguration;
			buildSettings = {
				ALWAYS_SEARCH_USER_PATHS = NO;
				CLANG_ANALYZER_NONNULL = YES;
				CLANG_ANALYZER_NUMBER_OBJECT_CONVERSION = YES_AGGRESSIVE;
				CLANG_CXX_LANGUAGE_STANDARD = "gnu++0x";
				CLANG_CXX_LIBRARY = "libc++";
				CLANG_ENABLE_MODULES = YES;
				CLANG_ENABLE_OBJC_ARC = YES;
				CLANG_WARN_BOOL_CONVERSION = YES;
				CLANG_WARN_CONSTANT_CONVERSION = YES;
				CLANG_WARN_DIRECT_OBJC_ISA_USAGE = YES_ERROR;
				CLANG_WARN_DOCUMENTATION_COMMENTS = YES;
				CLANG_WARN_EMPTY_BODY = YES;
				CLANG_WARN_ENUM_CONVERSION = YES;
				CLANG_WARN_INFINITE_RECURSION = YES;
				CLANG_WARN_INT_CONVERSION = YES;
				CLANG_WARN_OBJC_ROOT_CLASS = YES_ERROR;
				CLANG_WARN_SUSPICIOUS_MOVE = YES;
				CLANG_WARN_UNREACHABLE_CODE = YES;
				CLANG_WARN__DUPLICATE_METHOD_MATCH = YES;
				"CODE_SIGN_IDENTITY[sdk=iphoneos*]" = "iPhone Developer";
				COPY_PHASE_STRIP = NO;
				DEBUG_INFORMATION_FORMAT = "dwarf-with-dsym";
				ENABLE_NS_ASSERTIONS = NO;
				ENABLE_STRICT_OBJC_MSGSEND = YES;
				GCC_C_LANGUAGE_STANDARD = gnu99;
				GCC_NO_COMMON_BLOCKS = YES;
				GCC_WARN_64_TO_32_BIT_CONVERSION = YES;
				GCC_WARN_ABOUT_RETURN_TYPE = YES_ERROR;
				GCC_WARN_UNDECLARED_SELECTOR = YES;
				GCC_WARN_UNINITIALIZED_AUTOS = YES_AGGRESSIVE;
				GCC_WARN_UNUSED_FUNCTION = YES;
				GCC_WARN_UNUSED_VARIABLE = YES;
				IPHONEOS_DEPLOYMENT_TARGET = 10.3;
				MTL_ENABLE_DEBUG_INFO = NO;
				SDKROOT = iphoneos;
				SWIFT_OPTIMIZATION_LEVEL = "-Owholemodule";
				VALIDATE_PRODUCT = YES;
			};
			name = Release;
		};
		92FDF8D21EF9D7B700DE2574 /* Debug */ = {
			isa = XCBuildConfiguration;
			baseConfigurationReference = DBBEDA4E161EF2C72CCD0C52 /* Pods-Brews: An Introduction.debug.xcconfig */;
			buildSettings = {
				ASSETCATALOG_COMPILER_APPICON_NAME = AppIcon;
				CODE_SIGN_ENTITLEMENTS = "Brews: An Introduction/Brews: An Introduction.entitlements";
				"CODE_SIGN_IDENTITY[sdk=iphoneos*]" = "iPhone Developer";
				DEVELOPMENT_TEAM = 2E3GYECC25;
				INFOPLIST_FILE = "Brews: An Introduction/Info.plist";
				LD_RUNPATH_SEARCH_PATHS = "$(inherited) @executable_path/Frameworks";
				PRODUCT_BUNDLE_IDENTIFIER = www.google.com.BrewsIntroducingBeerToEveryoneWoo;
				PRODUCT_NAME = "$(TARGET_NAME)";
				PROVISIONING_PROFILE_SPECIFIER = "";
				SWIFT_VERSION = 3.0;
			};
			name = Debug;
		};
		92FDF8D31EF9D7B700DE2574 /* Release */ = {
			isa = XCBuildConfiguration;
			baseConfigurationReference = C23B3C87510FDB99CF21C08E /* Pods-Brews: An Introduction.release.xcconfig */;
			buildSettings = {
				ASSETCATALOG_COMPILER_APPICON_NAME = AppIcon;
				CODE_SIGN_ENTITLEMENTS = "Brews: An Introduction/Brews: An Introduction.entitlements";
				"CODE_SIGN_IDENTITY[sdk=iphoneos*]" = "iPhone Developer";
				DEVELOPMENT_TEAM = 2E3GYECC25;
				INFOPLIST_FILE = "Brews: An Introduction/Info.plist";
				LD_RUNPATH_SEARCH_PATHS = "$(inherited) @executable_path/Frameworks";
				PRODUCT_BUNDLE_IDENTIFIER = www.google.com.BrewsIntroducingBeerToEveryoneWoo;
				PRODUCT_NAME = "$(TARGET_NAME)";
				PROVISIONING_PROFILE_SPECIFIER = "";
				SWIFT_VERSION = 3.0;
			};
			name = Release;
		};
		92FDF8D51EF9D7B700DE2574 /* Debug */ = {
			isa = XCBuildConfiguration;
			baseConfigurationReference = 165A7AA02F84873EC8437D0A /* Pods-Brews: An IntroductionTests.debug.xcconfig */;
			buildSettings = {
				ALWAYS_EMBED_SWIFT_STANDARD_LIBRARIES = YES;
				BUNDLE_LOADER = "$(TEST_HOST)";
				DEVELOPMENT_TEAM = C7H5VU6UVJ;
				INFOPLIST_FILE = "Brews: An IntroductionTests/Info.plist";
				LD_RUNPATH_SEARCH_PATHS = "$(inherited) @executable_path/Frameworks @loader_path/Frameworks";
				PRODUCT_BUNDLE_IDENTIFIER = "www.google.com.Brews--An-IntroductionTests";
				PRODUCT_NAME = "$(TARGET_NAME)";
				SWIFT_VERSION = 3.0;
				TEST_HOST = "$(BUILT_PRODUCTS_DIR)/Brews: An Introduction.app/Brews: An Introduction";
			};
			name = Debug;
		};
		92FDF8D61EF9D7B700DE2574 /* Release */ = {
			isa = XCBuildConfiguration;
			baseConfigurationReference = C02C6D757854BBF17B1B8367 /* Pods-Brews: An IntroductionTests.release.xcconfig */;
			buildSettings = {
				ALWAYS_EMBED_SWIFT_STANDARD_LIBRARIES = YES;
				BUNDLE_LOADER = "$(TEST_HOST)";
				DEVELOPMENT_TEAM = C7H5VU6UVJ;
				INFOPLIST_FILE = "Brews: An IntroductionTests/Info.plist";
				LD_RUNPATH_SEARCH_PATHS = "$(inherited) @executable_path/Frameworks @loader_path/Frameworks";
				PRODUCT_BUNDLE_IDENTIFIER = "www.google.com.Brews--An-IntroductionTests";
				PRODUCT_NAME = "$(TARGET_NAME)";
				SWIFT_VERSION = 3.0;
				TEST_HOST = "$(BUILT_PRODUCTS_DIR)/Brews: An Introduction.app/Brews: An Introduction";
			};
			name = Release;
		};
		92FDF8D81EF9D7B700DE2574 /* Debug */ = {
			isa = XCBuildConfiguration;
			baseConfigurationReference = 64DCEBAC252B9737043B5040 /* Pods-Brews: An IntroductionUITests.debug.xcconfig */;
			buildSettings = {
				ALWAYS_EMBED_SWIFT_STANDARD_LIBRARIES = YES;
				DEVELOPMENT_TEAM = C7H5VU6UVJ;
				INFOPLIST_FILE = "Brews: An IntroductionUITests/Info.plist";
				LD_RUNPATH_SEARCH_PATHS = "$(inherited) @executable_path/Frameworks @loader_path/Frameworks";
				PRODUCT_BUNDLE_IDENTIFIER = "www.google.com.Brews--An-IntroductionUITests";
				PRODUCT_NAME = "$(TARGET_NAME)";
				SWIFT_VERSION = 3.0;
				TEST_TARGET_NAME = "Brews: An Introduction";
			};
			name = Debug;
		};
		92FDF8D91EF9D7B700DE2574 /* Release */ = {
			isa = XCBuildConfiguration;
			baseConfigurationReference = 9E872E0112FBC4D5B2334E09 /* Pods-Brews: An IntroductionUITests.release.xcconfig */;
			buildSettings = {
				ALWAYS_EMBED_SWIFT_STANDARD_LIBRARIES = YES;
				DEVELOPMENT_TEAM = C7H5VU6UVJ;
				INFOPLIST_FILE = "Brews: An IntroductionUITests/Info.plist";
				LD_RUNPATH_SEARCH_PATHS = "$(inherited) @executable_path/Frameworks @loader_path/Frameworks";
				PRODUCT_BUNDLE_IDENTIFIER = "www.google.com.Brews--An-IntroductionUITests";
				PRODUCT_NAME = "$(TARGET_NAME)";
				SWIFT_VERSION = 3.0;
				TEST_TARGET_NAME = "Brews: An Introduction";
			};
			name = Release;
		};
/* End XCBuildConfiguration section */

/* Begin XCConfigurationList section */
		92FDF8A41EF9D7B700DE2574 /* Build configuration list for PBXProject "Brews: An Introduction" */ = {
			isa = XCConfigurationList;
			buildConfigurations = (
				92FDF8CF1EF9D7B700DE2574 /* Debug */,
				92FDF8D01EF9D7B700DE2574 /* Release */,
			);
			defaultConfigurationIsVisible = 0;
			defaultConfigurationName = Release;
		};
		92FDF8D11EF9D7B700DE2574 /* Build configuration list for PBXNativeTarget "Brews: An Introduction" */ = {
			isa = XCConfigurationList;
			buildConfigurations = (
				92FDF8D21EF9D7B700DE2574 /* Debug */,
				92FDF8D31EF9D7B700DE2574 /* Release */,
			);
			defaultConfigurationIsVisible = 0;
			defaultConfigurationName = Release;
		};
		92FDF8D41EF9D7B700DE2574 /* Build configuration list for PBXNativeTarget "Brews: An IntroductionTests" */ = {
			isa = XCConfigurationList;
			buildConfigurations = (
				92FDF8D51EF9D7B700DE2574 /* Debug */,
				92FDF8D61EF9D7B700DE2574 /* Release */,
			);
			defaultConfigurationIsVisible = 0;
			defaultConfigurationName = Release;
		};
		92FDF8D71EF9D7B700DE2574 /* Build configuration list for PBXNativeTarget "Brews: An IntroductionUITests" */ = {
			isa = XCConfigurationList;
			buildConfigurations = (
				92FDF8D81EF9D7B700DE2574 /* Debug */,
				92FDF8D91EF9D7B700DE2574 /* Release */,
			);
			defaultConfigurationIsVisible = 0;
			defaultConfigurationName = Release;
		};
/* End XCConfigurationList section */
	};
	rootObject = 92FDF8A11EF9D7B700DE2574 /* Project object */;
}
